
Microsoft Visual Studio Solution File, Format Version 12.00
# Visual Studio Version 17
VisualStudioVersion = 17.13.35818.85 d17.13
MinimumVisualStudioVersion = 10.0.40219.1
Project("{FAE04EC0-301F-11D3-BF4B-00C04F79EFBC}") = "ManageFyDesk", "ManageFyDesk\ManageFyDesk.csproj", "{7F2C6C2C-B154-452C-837B-E3DB64CC6302}"
EndProject
Global
	GlobalSection(SolutionConfigurationPlatforms) = preSolution
		Debug|Any CPU = Debug|Any CPU
		Release|Any CPU = Release|Any CPU
	EndGlobalSection
	GlobalSection(ProjectConfigurationPlatforms) = postSolution
		{7F2C6C2C-B154-452C-837B-E3DB64CC6302}.Debug|Any CPU.ActiveCfg = Debug|Any CPU
		{7F2C6C2C-B154-452C-837B-E3DB64CC6302}.Debug|Any CPU.Build.0 = Debug|Any CPU
		{7F2C6C2C-B154-452C-837B-E3DB64CC6302}.Release|Any CPU.ActiveCfg = Release|Any CPU
		{7F2C6C2C-B154-452C-837B-E3DB64CC6302}.Release|Any CPU.Build.0 = Release|Any CPU
	EndGlobalSection
	GlobalSection(SolutionProperties) = preSolution
		HideSolutionNode = FALSE
	EndGlobalSection
	GlobalSection(ExtensibilityGlobals) = postSolution
		SolutionGuid = {5DAAB54C-20AF-4A7A-BFB7-E7E1A0C39CDF}
	EndGlobalSection
EndGlobal
